
Microsoft Visual Studio Solution File, Format Version 12.00
# Visual Studio Version 17
VisualStudioVersion = 17.6.33723.286
MinimumVisualStudioVersion = 10.0.40219.1
Project("{2150E333-8FDC-42A3-9474-1A3956D46DE8}") = "Behavioral", "Behavioral", "{92B5569A-4250-43E2-A6FA-BCF1EC3B1F94}"
EndProject
Project("{2150E333-8FDC-42A3-9474-1A3956D46DE8}") = "Creational", "Creational", "{0B464193-58AF-4E30-800C-346BA53B25A7}"
EndProject
Project("{2150E333-8FDC-42A3-9474-1A3956D46DE8}") = "Structural", "Structural", "{C0AE3FC3-A0EF-4204-8DB5-65EABF31C7AD}"
EndProject
Project("{9A19103F-16F7-4668-BE54-9A1E7A4F7556}") = "01_Abstract Factory", "Creational\01_Abstract Factory\01_Abstract Factory.csproj", "{054C32CC-40E5-4B23-AD85-2929A0E9D7E4}"
EndProject
Project("{FAE04EC0-301F-11D3-BF4B-00C04F79EFBC}") = "02_BuilderPattern", "Creational\02_BuilderPattern\02_BuilderPattern.csproj", "{53B9A738-58B5-419C-AB0F-20C610A478E9}"
EndProject
Project("{FAE04EC0-301F-11D3-BF4B-00C04F79EFBC}") = "05_Singleton", "Creational\05_Singleton\05_Singleton.csproj", "{DA85606F-AF71-4128-879F-001E15369B45}"
EndProject
Project("{9A19103F-16F7-4668-BE54-9A1E7A4F7556}") = "03_Factory", "Creational\03_Factory\03_Factory.csproj", "{42128232-1930-453E-AFF7-E137E55A9B53}"
EndProject
Project("{9A19103F-16F7-4668-BE54-9A1E7A4F7556}") = "04_Prototype", "Creational\04_Prototype\04_Prototype.csproj", "{3789E281-9EC1-44D5-AFDB-84A4D9F019A7}"
EndProject
Global
	GlobalSection(SolutionConfigurationPlatforms) = preSolution
		Debug|Any CPU = Debug|Any CPU
		Release|Any CPU = Release|Any CPU
	EndGlobalSection
	GlobalSection(ProjectConfigurationPlatforms) = postSolution
		{054C32CC-40E5-4B23-AD85-2929A0E9D7E4}.Debug|Any CPU.ActiveCfg = Debug|Any CPU
		{054C32CC-40E5-4B23-AD85-2929A0E9D7E4}.Debug|Any CPU.Build.0 = Debug|Any CPU
		{054C32CC-40E5-4B23-AD85-2929A0E9D7E4}.Release|Any CPU.ActiveCfg = Release|Any CPU
		{054C32CC-40E5-4B23-AD85-2929A0E9D7E4}.Release|Any CPU.Build.0 = Release|Any CPU
		{53B9A738-58B5-419C-AB0F-20C610A478E9}.Debug|Any CPU.ActiveCfg = Debug|Any CPU
		{53B9A738-58B5-419C-AB0F-20C610A478E9}.Debug|Any CPU.Build.0 = Debug|Any CPU
		{53B9A738-58B5-419C-AB0F-20C610A478E9}.Release|Any CPU.ActiveCfg = Release|Any CPU
		{53B9A738-58B5-419C-AB0F-20C610A478E9}.Release|Any CPU.Build.0 = Release|Any CPU
		{DA85606F-AF71-4128-879F-001E15369B45}.Debug|Any CPU.ActiveCfg = Debug|Any CPU
		{DA85606F-AF71-4128-879F-001E15369B45}.Debug|Any CPU.Build.0 = Debug|Any CPU
		{DA85606F-AF71-4128-879F-001E15369B45}.Release|Any CPU.ActiveCfg = Release|Any CPU
		{DA85606F-AF71-4128-879F-001E15369B45}.Release|Any CPU.Build.0 = Release|Any CPU
		{42128232-1930-453E-AFF7-E137E55A9B53}.Debug|Any CPU.ActiveCfg = Debug|Any CPU
		{42128232-1930-453E-AFF7-E137E55A9B53}.Debug|Any CPU.Build.0 = Debug|Any CPU
		{42128232-1930-453E-AFF7-E137E55A9B53}.Release|Any CPU.ActiveCfg = Release|Any CPU
		{42128232-1930-453E-AFF7-E137E55A9B53}.Release|Any CPU.Build.0 = Release|Any CPU
		{3789E281-9EC1-44D5-AFDB-84A4D9F019A7}.Debug|Any CPU.ActiveCfg = Debug|Any CPU
		{3789E281-9EC1-44D5-AFDB-84A4D9F019A7}.Debug|Any CPU.Build.0 = Debug|Any CPU
		{3789E281-9EC1-44D5-AFDB-84A4D9F019A7}.Release|Any CPU.ActiveCfg = Release|Any CPU
		{3789E281-9EC1-44D5-AFDB-84A4D9F019A7}.Release|Any CPU.Build.0 = Release|Any CPU
	EndGlobalSection
	GlobalSection(SolutionProperties) = preSolution
		HideSolutionNode = FALSE
	EndGlobalSection
	GlobalSection(NestedProjects) = preSolution
		{054C32CC-40E5-4B23-AD85-2929A0E9D7E4} = {0B464193-58AF-4E30-800C-346BA53B25A7}
		{53B9A738-58B5-419C-AB0F-20C610A478E9} = {0B464193-58AF-4E30-800C-346BA53B25A7}
		{DA85606F-AF71-4128-879F-001E15369B45} = {0B464193-58AF-4E30-800C-346BA53B25A7}
		{42128232-1930-453E-AFF7-E137E55A9B53} = {0B464193-58AF-4E30-800C-346BA53B25A7}
		{3789E281-9EC1-44D5-AFDB-84A4D9F019A7} = {0B464193-58AF-4E30-800C-346BA53B25A7}
	EndGlobalSection
	GlobalSection(ExtensibilityGlobals) = postSolution
		SolutionGuid = {664FFAEE-8402-470A-B502-CE44E2F7BB91}
	EndGlobalSection
EndGlobal
