
Microsoft Visual Studio Solution File, Format Version 12.00
# Visual Studio Version 17
VisualStudioVersion = 17.6.33723.286
MinimumVisualStudioVersion = 10.0.40219.1
Project("{2150E333-8FDC-42A3-9474-1A3956D46DE8}") = "Behavioral", "Behavioral", "{92B5569A-4250-43E2-A6FA-BCF1EC3B1F94}"
EndProject
Project("{2150E333-8FDC-42A3-9474-1A3956D46DE8}") = "Creational", "Creational", "{0B464193-58AF-4E30-800C-346BA53B25A7}"
EndProject
Project("{2150E333-8FDC-42A3-9474-1A3956D46DE8}") = "Structural", "Structural", "{C0AE3FC3-A0EF-4204-8DB5-65EABF31C7AD}"
EndProject
Project("{9A19103F-16F7-4668-BE54-9A1E7A4F7556}") = "01_Abstract Factory", "Creational\01_Abstract Factory\01_Abstract Factory.csproj", "{054C32CC-40E5-4B23-AD85-2929A0E9D7E4}"
EndProject
Project("{9A19103F-16F7-4668-BE54-9A1E7A4F7556}") = "02_BuilderPattern", "Creational\02_BuilderPattern\02_BuilderPattern.csproj", "{53B9A738-58B5-419C-AB0F-20C610A478E9}"
EndProject
Project("{9A19103F-16F7-4668-BE54-9A1E7A4F7556}") = "05_Singleton", "Creational\05_Singleton\05_Singleton.csproj", "{DA85606F-AF71-4128-879F-001E15369B45}"
EndProject
Project("{9A19103F-16F7-4668-BE54-9A1E7A4F7556}") = "03_Factory", "Creational\03_Factory\03_Factory.csproj", "{42128232-1930-453E-AFF7-E137E55A9B53}"
EndProject
Project("{9A19103F-16F7-4668-BE54-9A1E7A4F7556}") = "04_Prototype", "Creational\04_Prototype\04_Prototype.csproj", "{3789E281-9EC1-44D5-AFDB-84A4D9F019A7}"
EndProject
Project("{9A19103F-16F7-4668-BE54-9A1E7A4F7556}") = "06_SingletonWithDependencyInjection", "Creational\06_SingletonWithDependencyInjection\06_SingletonWithDependencyInjection.csproj", "{26CAC0C2-6986-472F-81B8-F80CD5BA9C22}"
EndProject
Project("{9A19103F-16F7-4668-BE54-9A1E7A4F7556}") = "01_AdapterPattern", "Structural\01_AdapterPattern\01_AdapterPattern.csproj", "{31480378-3C8A-45F1-8A67-DBD14995B518}"
EndProject
Project("{9A19103F-16F7-4668-BE54-9A1E7A4F7556}") = "02_BridgePattern", "Structural\02_BridgePattern\02_BridgePattern.csproj", "{C777511D-2A6A-4BDC-A1C8-AE7DADDAEA23}"
EndProject
Project("{9A19103F-16F7-4668-BE54-9A1E7A4F7556}") = "03_CompositePattern", "Structural\03_CompositePattern\03_CompositePattern.csproj", "{6D9DDEBD-0C7A-4F1C-86FB-320DE050512F}"
EndProject
Project("{9A19103F-16F7-4668-BE54-9A1E7A4F7556}") = "04_DecoratorPattern", "Structural\04_DecoratorPattern\04_DecoratorPattern.csproj", "{8CB2EAE6-65F8-4E46-8362-0752931CC38C}"
EndProject
Project("{9A19103F-16F7-4668-BE54-9A1E7A4F7556}") = "05_FacadePattern", "Structural\05_FacadePattern\05_FacadePattern.csproj", "{5FDA255F-1BBC-4528-9252-99B859F8C3FE}"
EndProject
Project("{9A19103F-16F7-4668-BE54-9A1E7A4F7556}") = "06_FlyWeightPattern", "Structural\06_FlyWeightPattern\06_FlyWeightPattern.csproj", "{84AACC13-9F59-4743-828C-C1A2023AC04E}"
EndProject
Project("{9A19103F-16F7-4668-BE54-9A1E7A4F7556}") = "07_ProxyPattern", "Structural\07_ProxyPattern\07_ProxyPattern.csproj", "{714C50DE-CD32-43C2-B5C0-01123F0E6EDB}"
EndProject
Project("{9A19103F-16F7-4668-BE54-9A1E7A4F7556}") = "01_ChainOfResponsibility", "Behavioral\01_ChainOfResponsibility\01_ChainOfResponsibility.csproj", "{48D9681A-DA73-433C-ABDA-74A789A1CA32}"
EndProject
Project("{9A19103F-16F7-4668-BE54-9A1E7A4F7556}") = "02_CommandPattern", "Behavioral\02_CommandPattern\02_CommandPattern.csproj", "{4EC3F367-BA40-4A6B-8608-927D8F420D6D}"
EndProject
Project("{9A19103F-16F7-4668-BE54-9A1E7A4F7556}") = "03_IteratorPattern", "Behavioral\03_IteratorPattern\03_IteratorPattern.csproj", "{59B5CFA4-6CD8-4260-8AE6-6515201BD5EC}"
EndProject
Project("{9A19103F-16F7-4668-BE54-9A1E7A4F7556}") = "04_InterpreterPattern", "Behavioral\04_InterpreterPattern\04_InterpreterPattern.csproj", "{C9F3979B-ABA8-494A-B257-9AFC814ADECE}"
EndProject
Project("{9A19103F-16F7-4668-BE54-9A1E7A4F7556}") = "05_MediatorPattern", "Behavioral\05_MediatorPattern\05_MediatorPattern.csproj", "{8C01A89D-5A6F-42CD-936E-D056CAC1D124}"
EndProject
Project("{9A19103F-16F7-4668-BE54-9A1E7A4F7556}") = "06_MementoPattern", "Behavioral\06_MementoPattern\06_MementoPattern.csproj", "{C8DF39F9-D060-46F8-A4B1-D93893AD8C27}"
EndProject
Project("{FAE04EC0-301F-11D3-BF4B-00C04F79EFBC}") = "07_ObserverPattern", "Behavioral\07_ObserverPattern\07_ObserverPattern.csproj", "{76B535F0-C2A5-43C8-BF84-CFF47D352B36}"
EndProject
Project("{FAE04EC0-301F-11D3-BF4B-00C04F79EFBC}") = "08_StatePattern", "Behavioral\08_StatePattern\08_StatePattern.csproj", "{18D217BC-00F1-4E14-A867-1398CFEC534A}"
EndProject
Global
	GlobalSection(SolutionConfigurationPlatforms) = preSolution
		Debug|Any CPU = Debug|Any CPU
		Release|Any CPU = Release|Any CPU
	EndGlobalSection
	GlobalSection(ProjectConfigurationPlatforms) = postSolution
		{054C32CC-40E5-4B23-AD85-2929A0E9D7E4}.Debug|Any CPU.ActiveCfg = Debug|Any CPU
		{054C32CC-40E5-4B23-AD85-2929A0E9D7E4}.Debug|Any CPU.Build.0 = Debug|Any CPU
		{054C32CC-40E5-4B23-AD85-2929A0E9D7E4}.Release|Any CPU.ActiveCfg = Release|Any CPU
		{054C32CC-40E5-4B23-AD85-2929A0E9D7E4}.Release|Any CPU.Build.0 = Release|Any CPU
		{53B9A738-58B5-419C-AB0F-20C610A478E9}.Debug|Any CPU.ActiveCfg = Debug|Any CPU
		{53B9A738-58B5-419C-AB0F-20C610A478E9}.Debug|Any CPU.Build.0 = Debug|Any CPU
		{53B9A738-58B5-419C-AB0F-20C610A478E9}.Release|Any CPU.ActiveCfg = Release|Any CPU
		{53B9A738-58B5-419C-AB0F-20C610A478E9}.Release|Any CPU.Build.0 = Release|Any CPU
		{DA85606F-AF71-4128-879F-001E15369B45}.Debug|Any CPU.ActiveCfg = Debug|Any CPU
		{DA85606F-AF71-4128-879F-001E15369B45}.Debug|Any CPU.Build.0 = Debug|Any CPU
		{DA85606F-AF71-4128-879F-001E15369B45}.Release|Any CPU.ActiveCfg = Release|Any CPU
		{DA85606F-AF71-4128-879F-001E15369B45}.Release|Any CPU.Build.0 = Release|Any CPU
		{42128232-1930-453E-AFF7-E137E55A9B53}.Debug|Any CPU.ActiveCfg = Debug|Any CPU
		{42128232-1930-453E-AFF7-E137E55A9B53}.Debug|Any CPU.Build.0 = Debug|Any CPU
		{42128232-1930-453E-AFF7-E137E55A9B53}.Release|Any CPU.ActiveCfg = Release|Any CPU
		{42128232-1930-453E-AFF7-E137E55A9B53}.Release|Any CPU.Build.0 = Release|Any CPU
		{3789E281-9EC1-44D5-AFDB-84A4D9F019A7}.Debug|Any CPU.ActiveCfg = Debug|Any CPU
		{3789E281-9EC1-44D5-AFDB-84A4D9F019A7}.Debug|Any CPU.Build.0 = Debug|Any CPU
		{3789E281-9EC1-44D5-AFDB-84A4D9F019A7}.Release|Any CPU.ActiveCfg = Release|Any CPU
		{3789E281-9EC1-44D5-AFDB-84A4D9F019A7}.Release|Any CPU.Build.0 = Release|Any CPU
		{26CAC0C2-6986-472F-81B8-F80CD5BA9C22}.Debug|Any CPU.ActiveCfg = Debug|Any CPU
		{26CAC0C2-6986-472F-81B8-F80CD5BA9C22}.Debug|Any CPU.Build.0 = Debug|Any CPU
		{26CAC0C2-6986-472F-81B8-F80CD5BA9C22}.Release|Any CPU.ActiveCfg = Release|Any CPU
		{26CAC0C2-6986-472F-81B8-F80CD5BA9C22}.Release|Any CPU.Build.0 = Release|Any CPU
		{31480378-3C8A-45F1-8A67-DBD14995B518}.Debug|Any CPU.ActiveCfg = Debug|Any CPU
		{31480378-3C8A-45F1-8A67-DBD14995B518}.Debug|Any CPU.Build.0 = Debug|Any CPU
		{31480378-3C8A-45F1-8A67-DBD14995B518}.Release|Any CPU.ActiveCfg = Release|Any CPU
		{31480378-3C8A-45F1-8A67-DBD14995B518}.Release|Any CPU.Build.0 = Release|Any CPU
		{C777511D-2A6A-4BDC-A1C8-AE7DADDAEA23}.Debug|Any CPU.ActiveCfg = Debug|Any CPU
		{C777511D-2A6A-4BDC-A1C8-AE7DADDAEA23}.Debug|Any CPU.Build.0 = Debug|Any CPU
		{C777511D-2A6A-4BDC-A1C8-AE7DADDAEA23}.Release|Any CPU.ActiveCfg = Release|Any CPU
		{C777511D-2A6A-4BDC-A1C8-AE7DADDAEA23}.Release|Any CPU.Build.0 = Release|Any CPU
		{6D9DDEBD-0C7A-4F1C-86FB-320DE050512F}.Debug|Any CPU.ActiveCfg = Debug|Any CPU
		{6D9DDEBD-0C7A-4F1C-86FB-320DE050512F}.Debug|Any CPU.Build.0 = Debug|Any CPU
		{6D9DDEBD-0C7A-4F1C-86FB-320DE050512F}.Release|Any CPU.ActiveCfg = Release|Any CPU
		{6D9DDEBD-0C7A-4F1C-86FB-320DE050512F}.Release|Any CPU.Build.0 = Release|Any CPU
		{8CB2EAE6-65F8-4E46-8362-0752931CC38C}.Debug|Any CPU.ActiveCfg = Debug|Any CPU
		{8CB2EAE6-65F8-4E46-8362-0752931CC38C}.Debug|Any CPU.Build.0 = Debug|Any CPU
		{8CB2EAE6-65F8-4E46-8362-0752931CC38C}.Release|Any CPU.ActiveCfg = Release|Any CPU
		{8CB2EAE6-65F8-4E46-8362-0752931CC38C}.Release|Any CPU.Build.0 = Release|Any CPU
		{5FDA255F-1BBC-4528-9252-99B859F8C3FE}.Debug|Any CPU.ActiveCfg = Debug|Any CPU
		{5FDA255F-1BBC-4528-9252-99B859F8C3FE}.Debug|Any CPU.Build.0 = Debug|Any CPU
		{5FDA255F-1BBC-4528-9252-99B859F8C3FE}.Release|Any CPU.ActiveCfg = Release|Any CPU
		{5FDA255F-1BBC-4528-9252-99B859F8C3FE}.Release|Any CPU.Build.0 = Release|Any CPU
		{84AACC13-9F59-4743-828C-C1A2023AC04E}.Debug|Any CPU.ActiveCfg = Debug|Any CPU
		{84AACC13-9F59-4743-828C-C1A2023AC04E}.Debug|Any CPU.Build.0 = Debug|Any CPU
		{84AACC13-9F59-4743-828C-C1A2023AC04E}.Release|Any CPU.ActiveCfg = Release|Any CPU
		{84AACC13-9F59-4743-828C-C1A2023AC04E}.Release|Any CPU.Build.0 = Release|Any CPU
		{714C50DE-CD32-43C2-B5C0-01123F0E6EDB}.Debug|Any CPU.ActiveCfg = Debug|Any CPU
		{714C50DE-CD32-43C2-B5C0-01123F0E6EDB}.Debug|Any CPU.Build.0 = Debug|Any CPU
		{714C50DE-CD32-43C2-B5C0-01123F0E6EDB}.Release|Any CPU.ActiveCfg = Release|Any CPU
		{714C50DE-CD32-43C2-B5C0-01123F0E6EDB}.Release|Any CPU.Build.0 = Release|Any CPU
		{48D9681A-DA73-433C-ABDA-74A789A1CA32}.Debug|Any CPU.ActiveCfg = Debug|Any CPU
		{48D9681A-DA73-433C-ABDA-74A789A1CA32}.Debug|Any CPU.Build.0 = Debug|Any CPU
		{48D9681A-DA73-433C-ABDA-74A789A1CA32}.Release|Any CPU.ActiveCfg = Release|Any CPU
		{48D9681A-DA73-433C-ABDA-74A789A1CA32}.Release|Any CPU.Build.0 = Release|Any CPU
		{4EC3F367-BA40-4A6B-8608-927D8F420D6D}.Debug|Any CPU.ActiveCfg = Debug|Any CPU
		{4EC3F367-BA40-4A6B-8608-927D8F420D6D}.Debug|Any CPU.Build.0 = Debug|Any CPU
		{4EC3F367-BA40-4A6B-8608-927D8F420D6D}.Release|Any CPU.ActiveCfg = Release|Any CPU
		{4EC3F367-BA40-4A6B-8608-927D8F420D6D}.Release|Any CPU.Build.0 = Release|Any CPU
		{59B5CFA4-6CD8-4260-8AE6-6515201BD5EC}.Debug|Any CPU.ActiveCfg = Debug|Any CPU
		{59B5CFA4-6CD8-4260-8AE6-6515201BD5EC}.Debug|Any CPU.Build.0 = Debug|Any CPU
		{59B5CFA4-6CD8-4260-8AE6-6515201BD5EC}.Release|Any CPU.ActiveCfg = Release|Any CPU
		{59B5CFA4-6CD8-4260-8AE6-6515201BD5EC}.Release|Any CPU.Build.0 = Release|Any CPU
		{C9F3979B-ABA8-494A-B257-9AFC814ADECE}.Debug|Any CPU.ActiveCfg = Debug|Any CPU
		{C9F3979B-ABA8-494A-B257-9AFC814ADECE}.Debug|Any CPU.Build.0 = Debug|Any CPU
		{C9F3979B-ABA8-494A-B257-9AFC814ADECE}.Release|Any CPU.ActiveCfg = Release|Any CPU
		{C9F3979B-ABA8-494A-B257-9AFC814ADECE}.Release|Any CPU.Build.0 = Release|Any CPU
		{8C01A89D-5A6F-42CD-936E-D056CAC1D124}.Debug|Any CPU.ActiveCfg = Debug|Any CPU
		{8C01A89D-5A6F-42CD-936E-D056CAC1D124}.Debug|Any CPU.Build.0 = Debug|Any CPU
		{8C01A89D-5A6F-42CD-936E-D056CAC1D124}.Release|Any CPU.ActiveCfg = Release|Any CPU
		{8C01A89D-5A6F-42CD-936E-D056CAC1D124}.Release|Any CPU.Build.0 = Release|Any CPU
		{C8DF39F9-D060-46F8-A4B1-D93893AD8C27}.Debug|Any CPU.ActiveCfg = Debug|Any CPU
		{C8DF39F9-D060-46F8-A4B1-D93893AD8C27}.Debug|Any CPU.Build.0 = Debug|Any CPU
		{C8DF39F9-D060-46F8-A4B1-D93893AD8C27}.Release|Any CPU.ActiveCfg = Release|Any CPU
		{C8DF39F9-D060-46F8-A4B1-D93893AD8C27}.Release|Any CPU.Build.0 = Release|Any CPU
		{76B535F0-C2A5-43C8-BF84-CFF47D352B36}.Debug|Any CPU.ActiveCfg = Debug|Any CPU
		{76B535F0-C2A5-43C8-BF84-CFF47D352B36}.Debug|Any CPU.Build.0 = Debug|Any CPU
		{76B535F0-C2A5-43C8-BF84-CFF47D352B36}.Release|Any CPU.ActiveCfg = Release|Any CPU
		{76B535F0-C2A5-43C8-BF84-CFF47D352B36}.Release|Any CPU.Build.0 = Release|Any CPU
		{18D217BC-00F1-4E14-A867-1398CFEC534A}.Debug|Any CPU.ActiveCfg = Debug|Any CPU
		{18D217BC-00F1-4E14-A867-1398CFEC534A}.Debug|Any CPU.Build.0 = Debug|Any CPU
		{18D217BC-00F1-4E14-A867-1398CFEC534A}.Release|Any CPU.ActiveCfg = Release|Any CPU
		{18D217BC-00F1-4E14-A867-1398CFEC534A}.Release|Any CPU.Build.0 = Release|Any CPU
	EndGlobalSection
	GlobalSection(SolutionProperties) = preSolution
		HideSolutionNode = FALSE
	EndGlobalSection
	GlobalSection(NestedProjects) = preSolution
		{054C32CC-40E5-4B23-AD85-2929A0E9D7E4} = {0B464193-58AF-4E30-800C-346BA53B25A7}
		{53B9A738-58B5-419C-AB0F-20C610A478E9} = {0B464193-58AF-4E30-800C-346BA53B25A7}
		{DA85606F-AF71-4128-879F-001E15369B45} = {0B464193-58AF-4E30-800C-346BA53B25A7}
		{42128232-1930-453E-AFF7-E137E55A9B53} = {0B464193-58AF-4E30-800C-346BA53B25A7}
		{3789E281-9EC1-44D5-AFDB-84A4D9F019A7} = {0B464193-58AF-4E30-800C-346BA53B25A7}
		{26CAC0C2-6986-472F-81B8-F80CD5BA9C22} = {0B464193-58AF-4E30-800C-346BA53B25A7}
		{31480378-3C8A-45F1-8A67-DBD14995B518} = {C0AE3FC3-A0EF-4204-8DB5-65EABF31C7AD}
		{C777511D-2A6A-4BDC-A1C8-AE7DADDAEA23} = {C0AE3FC3-A0EF-4204-8DB5-65EABF31C7AD}
		{6D9DDEBD-0C7A-4F1C-86FB-320DE050512F} = {C0AE3FC3-A0EF-4204-8DB5-65EABF31C7AD}
		{8CB2EAE6-65F8-4E46-8362-0752931CC38C} = {C0AE3FC3-A0EF-4204-8DB5-65EABF31C7AD}
		{5FDA255F-1BBC-4528-9252-99B859F8C3FE} = {C0AE3FC3-A0EF-4204-8DB5-65EABF31C7AD}
		{84AACC13-9F59-4743-828C-C1A2023AC04E} = {C0AE3FC3-A0EF-4204-8DB5-65EABF31C7AD}
		{714C50DE-CD32-43C2-B5C0-01123F0E6EDB} = {C0AE3FC3-A0EF-4204-8DB5-65EABF31C7AD}
		{48D9681A-DA73-433C-ABDA-74A789A1CA32} = {92B5569A-4250-43E2-A6FA-BCF1EC3B1F94}
		{4EC3F367-BA40-4A6B-8608-927D8F420D6D} = {92B5569A-4250-43E2-A6FA-BCF1EC3B1F94}
		{59B5CFA4-6CD8-4260-8AE6-6515201BD5EC} = {92B5569A-4250-43E2-A6FA-BCF1EC3B1F94}
		{C9F3979B-ABA8-494A-B257-9AFC814ADECE} = {92B5569A-4250-43E2-A6FA-BCF1EC3B1F94}
		{8C01A89D-5A6F-42CD-936E-D056CAC1D124} = {92B5569A-4250-43E2-A6FA-BCF1EC3B1F94}
		{C8DF39F9-D060-46F8-A4B1-D93893AD8C27} = {92B5569A-4250-43E2-A6FA-BCF1EC3B1F94}
		{76B535F0-C2A5-43C8-BF84-CFF47D352B36} = {92B5569A-4250-43E2-A6FA-BCF1EC3B1F94}
		{18D217BC-00F1-4E14-A867-1398CFEC534A} = {92B5569A-4250-43E2-A6FA-BCF1EC3B1F94}
	EndGlobalSection
	GlobalSection(ExtensibilityGlobals) = postSolution
		SolutionGuid = {664FFAEE-8402-470A-B502-CE44E2F7BB91}
	EndGlobalSection
EndGlobal
